
Microsoft Visual Studio Solution File, Format Version 12.00
# Visual Studio Version 17
VisualStudioVersion = 17.5.33414.496
MinimumVisualStudioVersion = 10.0.40219.1
Project("{9A19103F-16F7-4668-BE54-9A1E7A4F7556}") = "AcmeCorp", "AcmeCorp.csproj", "{44B4342C-B605-44F0-A895-E06AB85A5EE9}"
EndProject
Project("{FAE04EC0-301F-11D3-BF4B-00C04F79EFBC}") = "AcmeCorpTesting", "..\TestProject1\AcmeCorpTesting.csproj", "{7B202F81-B0D1-4CE7-837A-357E91FB8619}"
EndProject
Project("{E53339B2-1760-4266-BCC7-CA923CBCF16C}") = "docker-compose", "docker-compose.dcproj", "{DCC4937F-EAE9-436D-8095-849047B94D65}"
EndProject
Global
	GlobalSection(SolutionConfigurationPlatforms) = preSolution
		Debug|Any CPU = Debug|Any CPU
		Release|Any CPU = Release|Any CPU
	EndGlobalSection
	GlobalSection(ProjectConfigurationPlatforms) = postSolution
		{44B4342C-B605-44F0-A895-E06AB85A5EE9}.Debug|Any CPU.ActiveCfg = Debug|Any CPU
		{44B4342C-B605-44F0-A895-E06AB85A5EE9}.Debug|Any CPU.Build.0 = Debug|Any CPU
		{44B4342C-B605-44F0-A895-E06AB85A5EE9}.Release|Any CPU.ActiveCfg = Release|Any CPU
		{44B4342C-B605-44F0-A895-E06AB85A5EE9}.Release|Any CPU.Build.0 = Release|Any CPU
		{7B202F81-B0D1-4CE7-837A-357E91FB8619}.Debug|Any CPU.ActiveCfg = Debug|Any CPU
		{7B202F81-B0D1-4CE7-837A-357E91FB8619}.Debug|Any CPU.Build.0 = Debug|Any CPU
		{7B202F81-B0D1-4CE7-837A-357E91FB8619}.Release|Any CPU.ActiveCfg = Release|Any CPU
		{7B202F81-B0D1-4CE7-837A-357E91FB8619}.Release|Any CPU.Build.0 = Release|Any CPU
		{DCC4937F-EAE9-436D-8095-849047B94D65}.Debug|Any CPU.ActiveCfg = Debug|Any CPU
		{DCC4937F-EAE9-436D-8095-849047B94D65}.Debug|Any CPU.Build.0 = Debug|Any CPU
		{DCC4937F-EAE9-436D-8095-849047B94D65}.Release|Any CPU.ActiveCfg = Release|Any CPU
		{DCC4937F-EAE9-436D-8095-849047B94D65}.Release|Any CPU.Build.0 = Release|Any CPU
	EndGlobalSection
	GlobalSection(SolutionProperties) = preSolution
		HideSolutionNode = FALSE
	EndGlobalSection
	GlobalSection(ExtensibilityGlobals) = postSolution
		SolutionGuid = {AA7B87AF-55D1-409F-9870-72B44DBD548A}
	EndGlobalSection
EndGlobal
